
Microsoft Visual Studio Solution File, Format Version 12.00
# Visual Studio Version 17
VisualStudioVersion = 17.7.34031.279
MinimumVisualStudioVersion = 10.0.40219.1
Project("{FAE04EC0-301F-11D3-BF4B-00C04F79EFBC}") = "ConsoleApp1", "ConsoleApp1\ConsoleApp1.csproj", "{A679DF3E-D1C2-4D99-BC62-8F79C2B0B819}"
EndProject
Global
	GlobalSection(SolutionConfigurationPlatforms) = preSolution
		Debug|Any CPU = Debug|Any CPU
		Release|Any CPU = Release|Any CPU
	EndGlobalSection
	GlobalSection(ProjectConfigurationPlatforms) = postSolution
		{A679DF3E-D1C2-4D99-BC62-8F79C2B0B819}.Debug|Any CPU.ActiveCfg = Debug|Any CPU
		{A679DF3E-D1C2-4D99-BC62-8F79C2B0B819}.Debug|Any CPU.Build.0 = Debug|Any CPU
		{A679DF3E-D1C2-4D99-BC62-8F79C2B0B819}.Release|Any CPU.ActiveCfg = Release|Any CPU
		{A679DF3E-D1C2-4D99-BC62-8F79C2B0B819}.Release|Any CPU.Build.0 = Release|Any CPU
	EndGlobalSection
	GlobalSection(SolutionProperties) = preSolution
		HideSolutionNode = FALSE
	EndGlobalSection
	GlobalSection(ExtensibilityGlobals) = postSolution
		SolutionGuid = {9EA51E73-8BFD-4644-BA4A-982523160EDE}
	EndGlobalSection
EndGlobal
